
Microsoft Visual Studio Solution File, Format Version 12.00
# Visual Studio Version 16
VisualStudioVersion = 16.0.31515.178
MinimumVisualStudioVersion = 10.0.40219.1
Project("{9A19103F-16F7-4668-BE54-9A1E7A4F7556}") = "Crossmatch", "Crossmatch\Crossmatch.csproj", "{F9C7AC86-2F2E-4AFB-AECE-02A6BE0BFAF7}"
	ProjectSection(ProjectDependencies) = postProject
		{EE24DBDA-A639-4952-B11B-52641B75AE94} = {EE24DBDA-A639-4952-B11B-52641B75AE94}
	EndProjectSection
EndProject
Project("{9A19103F-16F7-4668-BE54-9A1E7A4F7556}") = "CmtFingerLib", "CmtFingerLib\CmtFingerLib.csproj", "{63AD4F43-176E-4E94-9575-3D4F6EB31B0E}"
EndProject
Project("{9A19103F-16F7-4668-BE54-9A1E7A4F7556}") = "SignalRHost", "SignalRHost\SignalRHost.csproj", "{6C1BC72F-C02D-46A2-B2F5-C4D2D712BF35}"
EndProject
Project("{9A19103F-16F7-4668-BE54-9A1E7A4F7556}") = "EDSDKLib", "EDSDKLib\EDSDKLib.csproj", "{EE24DBDA-A639-4952-B11B-52641B75AE94}"
EndProject
Global
	GlobalSection(SolutionConfigurationPlatforms) = preSolution
		Debug|Any CPU = Debug|Any CPU
		Debug|x64 = Debug|x64
		Debug|x86 = Debug|x86
		Release|Any CPU = Release|Any CPU
		Release|x64 = Release|x64
		Release|x86 = Release|x86
	EndGlobalSection
	GlobalSection(ProjectConfigurationPlatforms) = postSolution
		{F9C7AC86-2F2E-4AFB-AECE-02A6BE0BFAF7}.Debug|Any CPU.ActiveCfg = Debug|Any CPU
		{F9C7AC86-2F2E-4AFB-AECE-02A6BE0BFAF7}.Debug|Any CPU.Build.0 = Debug|Any CPU
		{F9C7AC86-2F2E-4AFB-AECE-02A6BE0BFAF7}.Debug|x64.ActiveCfg = Debug|x86
		{F9C7AC86-2F2E-4AFB-AECE-02A6BE0BFAF7}.Debug|x64.Build.0 = Debug|x86
		{F9C7AC86-2F2E-4AFB-AECE-02A6BE0BFAF7}.Debug|x86.ActiveCfg = Debug|x86
		{F9C7AC86-2F2E-4AFB-AECE-02A6BE0BFAF7}.Debug|x86.Build.0 = Debug|x86
		{F9C7AC86-2F2E-4AFB-AECE-02A6BE0BFAF7}.Release|Any CPU.ActiveCfg = Release|Any CPU
		{F9C7AC86-2F2E-4AFB-AECE-02A6BE0BFAF7}.Release|Any CPU.Build.0 = Release|Any CPU
		{F9C7AC86-2F2E-4AFB-AECE-02A6BE0BFAF7}.Release|x64.ActiveCfg = Release|x64
		{F9C7AC86-2F2E-4AFB-AECE-02A6BE0BFAF7}.Release|x64.Build.0 = Release|x64
		{F9C7AC86-2F2E-4AFB-AECE-02A6BE0BFAF7}.Release|x86.ActiveCfg = Release|x86
		{F9C7AC86-2F2E-4AFB-AECE-02A6BE0BFAF7}.Release|x86.Build.0 = Release|x86
		{F9C7AC86-2F2E-4AFB-AECE-02A6BE0BFAF7}.Release|x86.Deploy.0 = Release|x86
		{F9C7AC86-2F2E-4AFB-AECE-02A6BE0BFAF7}.Release|x64.Deploy.0 = Release|x64
		{63AD4F43-176E-4E94-9575-3D4F6EB31B0E}.Debug|Any CPU.ActiveCfg = Debug|Any CPU
		{63AD4F43-176E-4E94-9575-3D4F6EB31B0E}.Debug|Any CPU.Build.0 = Debug|Any CPU
		{63AD4F43-176E-4E94-9575-3D4F6EB31B0E}.Debug|x64.ActiveCfg = Debug|x86
		{63AD4F43-176E-4E94-9575-3D4F6EB31B0E}.Debug|x64.Build.0 = Debug|x86
		{63AD4F43-176E-4E94-9575-3D4F6EB31B0E}.Debug|x86.ActiveCfg = Debug|x86
		{63AD4F43-176E-4E94-9575-3D4F6EB31B0E}.Debug|x86.Build.0 = Debug|x86
		{63AD4F43-176E-4E94-9575-3D4F6EB31B0E}.Release|Any CPU.ActiveCfg = Release|Any CPU
		{63AD4F43-176E-4E94-9575-3D4F6EB31B0E}.Release|Any CPU.Build.0 = Release|Any CPU
		{63AD4F43-176E-4E94-9575-3D4F6EB31B0E}.Release|x64.ActiveCfg = Release|x64
		{63AD4F43-176E-4E94-9575-3D4F6EB31B0E}.Release|x64.Build.0 = Release|x64
		{63AD4F43-176E-4E94-9575-3D4F6EB31B0E}.Release|x86.ActiveCfg = Release|x86
		{63AD4F43-176E-4E94-9575-3D4F6EB31B0E}.Release|x86.Build.0 = Release|x86
		{63AD4F43-176E-4E94-9575-3D4F6EB31B0E}.Release|x86.Deploy.0 = Release|x86
		{63AD4F43-176E-4E94-9575-3D4F6EB31B0E}.Release|x64.Deploy.0 = Release|x64
		{6C1BC72F-C02D-46A2-B2F5-C4D2D712BF35}.Debug|Any CPU.ActiveCfg = Debug|Any CPU
		{6C1BC72F-C02D-46A2-B2F5-C4D2D712BF35}.Debug|Any CPU.Build.0 = Debug|Any CPU
		{6C1BC72F-C02D-46A2-B2F5-C4D2D712BF35}.Debug|x64.ActiveCfg = Debug|x86
		{6C1BC72F-C02D-46A2-B2F5-C4D2D712BF35}.Debug|x64.Build.0 = Debug|x86
		{6C1BC72F-C02D-46A2-B2F5-C4D2D712BF35}.Debug|x86.ActiveCfg = Debug|x86
		{6C1BC72F-C02D-46A2-B2F5-C4D2D712BF35}.Debug|x86.Build.0 = Debug|x86
		{6C1BC72F-C02D-46A2-B2F5-C4D2D712BF35}.Release|Any CPU.ActiveCfg = Release|Any CPU
		{6C1BC72F-C02D-46A2-B2F5-C4D2D712BF35}.Release|Any CPU.Build.0 = Release|Any CPU
		{6C1BC72F-C02D-46A2-B2F5-C4D2D712BF35}.Release|x64.ActiveCfg = Release|Any CPU
		{6C1BC72F-C02D-46A2-B2F5-C4D2D712BF35}.Release|x64.Build.0 = Release|Any CPU
		{6C1BC72F-C02D-46A2-B2F5-C4D2D712BF35}.Release|x86.ActiveCfg = Release|x86
		{6C1BC72F-C02D-46A2-B2F5-C4D2D712BF35}.Release|x86.Build.0 = Release|x86
		{6C1BC72F-C02D-46A2-B2F5-C4D2D712BF35}.Release|x86.Deploy.0 = Release|x86
		{6C1BC72F-C02D-46A2-B2F5-C4D2D712BF35}.Release|x64.Deploy.0 = Release|Any CPU
		{EE24DBDA-A639-4952-B11B-52641B75AE94}.Debug|Any CPU.ActiveCfg = Debug|Any CPU
		{EE24DBDA-A639-4952-B11B-52641B75AE94}.Debug|Any CPU.Build.0 = Debug|Any CPU
		{EE24DBDA-A639-4952-B11B-52641B75AE94}.Debug|x64.ActiveCfg = Debug|x86
		{EE24DBDA-A639-4952-B11B-52641B75AE94}.Debug|x64.Build.0 = Debug|x86
		{EE24DBDA-A639-4952-B11B-52641B75AE94}.Debug|x86.ActiveCfg = Debug|x86
		{EE24DBDA-A639-4952-B11B-52641B75AE94}.Debug|x86.Build.0 = Debug|x86
		{EE24DBDA-A639-4952-B11B-52641B75AE94}.Release|Any CPU.ActiveCfg = Release|Any CPU
		{EE24DBDA-A639-4952-B11B-52641B75AE94}.Release|Any CPU.Build.0 = Release|Any CPU
		{EE24DBDA-A639-4952-B11B-52641B75AE94}.Release|x64.ActiveCfg = Release|Any CPU
		{EE24DBDA-A639-4952-B11B-52641B75AE94}.Release|x64.Build.0 = Release|Any CPU
		{EE24DBDA-A639-4952-B11B-52641B75AE94}.Release|x86.ActiveCfg = Release|x86
		{EE24DBDA-A639-4952-B11B-52641B75AE94}.Release|x86.Build.0 = Release|x86
		{EE24DBDA-A639-4952-B11B-52641B75AE94}.Release|x86.Deploy.0 = Release|x86
		{EE24DBDA-A639-4952-B11B-52641B75AE94}.Release|x64.Deploy.0 = Release|Any CPU
	EndGlobalSection
	GlobalSection(SolutionProperties) = preSolution
		HideSolutionNode = FALSE
	EndGlobalSection
	GlobalSection(ExtensibilityGlobals) = postSolution
		SolutionGuid = {F2C722E5-95A2-4F2B-804B-4B385A7B0BF1}
	EndGlobalSection
EndGlobal
